
Microsoft Visual Studio Solution File, Format Version 12.00
# Visual Studio Version 17
VisualStudioVersion = 17.14.36310.24 d17.14
MinimumVisualStudioVersion = 10.0.40219.1
Project("{FAE04EC0-301F-11D3-BF4B-00C04F79EFBC}") = "squareofno", "squareofno\squareofno.csproj", "{6638BCAC-02FC-43F5-8383-95D5B9F26D3B}"
EndProject
Global
	GlobalSection(SolutionConfigurationPlatforms) = preSolution
		Debug|Any CPU = Debug|Any CPU
		Release|Any CPU = Release|Any CPU
	EndGlobalSection
	GlobalSection(ProjectConfigurationPlatforms) = postSolution
		{6638BCAC-02FC-43F5-8383-95D5B9F26D3B}.Debug|Any CPU.ActiveCfg = Debug|Any CPU
		{6638BCAC-02FC-43F5-8383-95D5B9F26D3B}.Debug|Any CPU.Build.0 = Debug|Any CPU
		{6638BCAC-02FC-43F5-8383-95D5B9F26D3B}.Release|Any CPU.ActiveCfg = Release|Any CPU
		{6638BCAC-02FC-43F5-8383-95D5B9F26D3B}.Release|Any CPU.Build.0 = Release|Any CPU
	EndGlobalSection
	GlobalSection(SolutionProperties) = preSolution
		HideSolutionNode = FALSE
	EndGlobalSection
	GlobalSection(ExtensibilityGlobals) = postSolution
		SolutionGuid = {81ED97AE-1932-486A-8730-1F0A3EE43689}
	EndGlobalSection
EndGlobal
